// !$*UTF8*$!
{
	archiveVersion = 1;
	classes = {
	};
	objectVersion = 77;
	objects = {

/* Begin PBXBuildFile section */
		3E237BE42DE1A76200423E9E /* RootTabView.swift in Sources */ = {isa = PBXBuildFile; fileRef = 3E237BE32DE1A76200423E9E /* RootTabView.swift */; };
		3E237BE62DE1A82400423E9E /* CustomTabBarView.swift in Sources */ = {isa = PBXBuildFile; fileRef = 3E237BE52DE1A82400423E9E /* CustomTabBarView.swift */; };
		3E3CF1502DD5676B00B5D650 /* APIService.swift in Sources */ = {isa = PBXBuildFile; fileRef = 3E3CF14F2DD5676B00B5D650 /* APIService.swift */; };
		3E3CF1542DD56B7700B5D650 /* AuthRepository.swift in Sources */ = {isa = PBXBuildFile; fileRef = 3E3CF1532DD56B7700B5D650 /* AuthRepository.swift */; };
		3E3CF1562DD5F0B300B5D650 /* AuthTokenResponse.swift in Sources */ = {isa = PBXBuildFile; fileRef = 3E3CF1552DD5F0B300B5D650 /* AuthTokenResponse.swift */; };
		3E3CF15B2DD5F7C000B5D650 /* TokenStorage.swift in Sources */ = {isa = PBXBuildFile; fileRef = 3E3CF15A2DD5F7C000B5D650 /* TokenStorage.swift */; };
		3E3CF15F2DD5FAB700B5D650 /* AuthIntent.swift in Sources */ = {isa = PBXBuildFile; fileRef = 3E3CF15E2DD5FAB700B5D650 /* AuthIntent.swift */; };
		3E3CF1612DD5FAF700B5D650 /* AuthState.swift in Sources */ = {isa = PBXBuildFile; fileRef = 3E3CF1602DD5FAF700B5D650 /* AuthState.swift */; };
		3E3CF1632DD5FB0900B5D650 /* AuthStore.swift in Sources */ = {isa = PBXBuildFile; fileRef = 3E3CF1622DD5FB0900B5D650 /* AuthStore.swift */; };
		3E3CF1652DD5FB2500B5D650 /* AuthReducer.swift in Sources */ = {isa = PBXBuildFile; fileRef = 3E3CF1642DD5FB2500B5D650 /* AuthReducer.swift */; };
		3E3CF1672DD5FB4A00B5D650 /* AuthView.swift in Sources */ = {isa = PBXBuildFile; fileRef = 3E3CF1662DD5FB4A00B5D650 /* AuthView.swift */; };
		3E3CF16D2DD71E4400B5D650 /* AppState.swift in Sources */ = {isa = PBXBuildFile; fileRef = 3E3CF16B2DD71E4400B5D650 /* AppState.swift */; };
		3E3CF16E2DD71E4400B5D650 /* AppIntent.swift in Sources */ = {isa = PBXBuildFile; fileRef = 3E3CF1682DD71E4400B5D650 /* AppIntent.swift */; };
		3E3CF16F2DD71E4400B5D650 /* AppRoute.swift in Sources */ = {isa = PBXBuildFile; fileRef = 3E3CF16A2DD71E4400B5D650 /* AppRoute.swift */; };
		3E3CF1702DD71E4400B5D650 /* AppStore.swift in Sources */ = {isa = PBXBuildFile; fileRef = 3E3CF16C2DD71E4400B5D650 /* AppStore.swift */; };
		3E3CF1712DD71E4400B5D650 /* AppReducer.swift in Sources */ = {isa = PBXBuildFile; fileRef = 3E3CF1692DD71E4400B5D650 /* AppReducer.swift */; };
		3E3CF1732DD7321200B5D650 /* TokenResponse.swift in Sources */ = {isa = PBXBuildFile; fileRef = 3E3CF1722DD7321200B5D650 /* TokenResponse.swift */; };
		3E3CF1762DD735C000B5D650 /* JWTDecoder.swift in Sources */ = {isa = PBXBuildFile; fileRef = 3E3CF1742DD735C000B5D650 /* JWTDecoder.swift */; };
		3E3CF17A2DD9ACB300B5D650 /* ErrorResponse.swift in Sources */ = {isa = PBXBuildFile; fileRef = 3E3CF1792DD9ACB300B5D650 /* ErrorResponse.swift */; };
		3E3CF17F2DD9CDB400B5D650 /* AppleSignInHandler.swift in Sources */ = {isa = PBXBuildFile; fileRef = 3E3CF17E2DD9CDB400B5D650 /* AppleSignInHandler.swift */; };
		3E3CF1822DD9D06400B5D650 /* KakaoSDKAuth in Frameworks */ = {isa = PBXBuildFile; productRef = 3E3CF1812DD9D06400B5D650 /* KakaoSDKAuth */; };
		3E3CF1842DD9D06400B5D650 /* KakaoSDKCommon in Frameworks */ = {isa = PBXBuildFile; productRef = 3E3CF1832DD9D06400B5D650 /* KakaoSDKCommon */; };
		3E3CF1862DD9D06400B5D650 /* KakaoSDKUser in Frameworks */ = {isa = PBXBuildFile; productRef = 3E3CF1852DD9D06400B5D650 /* KakaoSDKUser */; };
		3E3CF1982DD9D71D00B5D650 /* KakaoSignInHandler.swift in Sources */ = {isa = PBXBuildFile; fileRef = 3E3CF1972DD9D71D00B5D650 /* KakaoSignInHandler.swift */; };
		3E3CF19A2DD9FF3300B5D650 /* FontStyle.swift in Sources */ = {isa = PBXBuildFile; fileRef = 3E3CF1992DD9FF3300B5D650 /* FontStyle.swift */; };
		3E3CF19C2DD9FFAD00B5D650 /* View+Extension.swift in Sources */ = {isa = PBXBuildFile; fileRef = 3E3CF19B2DD9FFAD00B5D650 /* View+Extension.swift */; };
		3E3CF1A02DDA063900B5D650 /* Pretendard-Bold.ttf in Resources */ = {isa = PBXBuildFile; fileRef = 3E3CF19D2DDA063900B5D650 /* Pretendard-Bold.ttf */; };
		3E3CF1A12DDA063900B5D650 /* Pretendard-Medium.ttf in Resources */ = {isa = PBXBuildFile; fileRef = 3E3CF19E2DDA063900B5D650 /* Pretendard-Medium.ttf */; };
		3E3CF1A22DDA063900B5D650 /* Pretendard-Regular.ttf in Resources */ = {isa = PBXBuildFile; fileRef = 3E3CF19F2DDA063900B5D650 /* Pretendard-Regular.ttf */; };
		3E3CF1A52DDA064900B5D650 /* Mulgyeol-Bold.ttf in Resources */ = {isa = PBXBuildFile; fileRef = 3E3CF1A32DDA064900B5D650 /* Mulgyeol-Bold.ttf */; };
		3E3CF1A62DDA064900B5D650 /* Mulgyeol-Regular.ttf in Resources */ = {isa = PBXBuildFile; fileRef = 3E3CF1A42DDA064900B5D650 /* Mulgyeol-Regular.ttf */; };
		3E3CF1A92DDA086E00B5D650 /* CustomFontName.swift in Sources */ = {isa = PBXBuildFile; fileRef = 3E3CF1A82DDA086E00B5D650 /* CustomFontName.swift */; };
		3E3CF1AB2DDA11A900B5D650 /* ColorPalette.swift in Sources */ = {isa = PBXBuildFile; fileRef = 3E3CF1AA2DDA11A900B5D650 /* ColorPalette.swift */; };
		3E3CF1B92DDC913500B5D650 /* Icon.swift in Sources */ = {isa = PBXBuildFile; fileRef = 3E3CF1B82DDC913500B5D650 /* Icon.swift */; };
		3E3CF1C02DDC9C8900B5D650 /* FilterCategorySectionView.swift in Sources */ = {isa = PBXBuildFile; fileRef = 3E3CF1BA2DDC9C8900B5D650 /* FilterCategorySectionView.swift */; };
		3E3CF1C12DDC9C8900B5D650 /* TrendingFilterSectionView.swift in Sources */ = {isa = PBXBuildFile; fileRef = 3E3CF1BE2DDC9C8900B5D650 /* TrendingFilterSectionView.swift */; };
		3E3CF1C22DDC9C8900B5D650 /* TodayCreatorSectionView.swift in Sources */ = {isa = PBXBuildFile; fileRef = 3E3CF1BC2DDC9C8900B5D650 /* TodayCreatorSectionView.swift */; };
		3E3CF1C32DDC9C8900B5D650 /* MainView.swift in Sources */ = {isa = PBXBuildFile; fileRef = 3E3CF1BB2DDC9C8900B5D650 /* MainView.swift */; };
		3E3CF1C42DDC9C8900B5D650 /* TodayFilterSectionView.swift in Sources */ = {isa = PBXBuildFile; fileRef = 3E3CF1BD2DDC9C8900B5D650 /* TodayFilterSectionView.swift */; };
		3E3CF1C62DDCACBB00B5D650 /* TrendingBannerSectionView.swift in Sources */ = {isa = PBXBuildFile; fileRef = 3E3CF1C52DDCACBB00B5D650 /* TrendingBannerSectionView.swift */; };
		3E3CF1C82DDCC9E100B5D650 /* PagingCarouselView.swift in Sources */ = {isa = PBXBuildFile; fileRef = 3E3CF1C72DDCC9E000B5D650 /* PagingCarouselView.swift */; };
		3E3CF1F92DDDB5CE00B5D650 /* MainIntent.swift in Sources */ = {isa = PBXBuildFile; fileRef = 3E3CF1F12DDDB5CE00B5D650 /* MainIntent.swift */; };
		3E3CF1FA2DDDB5CE00B5D650 /* MainStore.swift in Sources */ = {isa = PBXBuildFile; fileRef = 3E3CF1F72DDDB5CE00B5D650 /* MainStore.swift */; };
		3E3CF1FB2DDDB5CE00B5D650 /* TodayFilterResponse.swift in Sources */ = {isa = PBXBuildFile; fileRef = 3E3CF1F32DDDB5CE00B5D650 /* TodayFilterResponse.swift */; };
		3E3CF1FC2DDDB5CE00B5D650 /* MainState.swift in Sources */ = {isa = PBXBuildFile; fileRef = 3E3CF1F52DDDB5CE00B5D650 /* MainState.swift */; };
		3E3CF1FE2DDDB5EB00B5D650 /* FilterRepository.swift in Sources */ = {isa = PBXBuildFile; fileRef = 3E3CF1FD2DDDB5EB00B5D650 /* FilterRepository.swift */; };
		3E3CF2012DDDCC1400B5D650 /* URLImageView.swift in Sources */ = {isa = PBXBuildFile; fileRef = 3E3CF2002DDDCC1400B5D650 /* URLImageView.swift */; };
		3E3CF2022DDDCC1400B5D650 /* URLImageLoader.swift in Sources */ = {isa = PBXBuildFile; fileRef = 3E3CF1FF2DDDCC1400B5D650 /* URLImageLoader.swift */; };
		3E95922D2DDE0DDE00DCE664 /* HotTrendResponse.swift in Sources */ = {isa = PBXBuildFile; fileRef = 3E95922C2DDE0DDE00DCE664 /* HotTrendResponse.swift */; };
		3E95922F2DDE146900DCE664 /* TrendingFilterCardView.swift in Sources */ = {isa = PBXBuildFile; fileRef = 3E95922E2DDE146900DCE664 /* TrendingFilterCardView.swift */; };
		3E9592312DDE1EAC00DCE664 /* TodayAuthorResponse.swift in Sources */ = {isa = PBXBuildFile; fileRef = 3E9592302DDE1EAC00DCE664 /* TodayAuthorResponse.swift */; };
		3EAE75742DE1A877007DBA05 /* TabItem.swift in Sources */ = {isa = PBXBuildFile; fileRef = 3EAE75732DE1A877007DBA05 /* TabItem.swift */; };
		3EAE75782DE1B805007DBA05 /* CustomBlurView.swift in Sources */ = {isa = PBXBuildFile; fileRef = 3EAE75772DE1B805007DBA05 /* CustomBlurView.swift */; };
		3EAE75842DE2E4A4007DBA05 /* MyPageStore.swift in Sources */ = {isa = PBXBuildFile; fileRef = 3EAE757F2DE2E4A4007DBA05 /* MyPageStore.swift */; };
		3EAE75852DE2E4A4007DBA05 /* MyPageState.swift in Sources */ = {isa = PBXBuildFile; fileRef = 3EAE757D2DE2E4A4007DBA05 /* MyPageState.swift */; };
		3EAE75862DE2E4A4007DBA05 /* MyPageReducer.swift in Sources */ = {isa = PBXBuildFile; fileRef = 3EAE757B2DE2E4A4007DBA05 /* MyPageReducer.swift */; };
		3EAE75872DE2E4A4007DBA05 /* MyPageView.swift in Sources */ = {isa = PBXBuildFile; fileRef = 3EAE75812DE2E4A4007DBA05 /* MyPageView.swift */; };
		3EAE75882DE2E4A4007DBA05 /* MyPageIntent.swift in Sources */ = {isa = PBXBuildFile; fileRef = 3EAE75792DE2E4A4007DBA05 /* MyPageIntent.swift */; };
		3EAE758A2DE2E4EB007DBA05 /* UserRepository.swift in Sources */ = {isa = PBXBuildFile; fileRef = 3EAE75892DE2E4EB007DBA05 /* UserRepository.swift */; };
		3EAE758C2DE2EBBC007DBA05 /* UserProfile.swift in Sources */ = {isa = PBXBuildFile; fileRef = 3EAE758B2DE2EBBC007DBA05 /* UserProfile.swift */; };
		3EAE758E2DE2F444007DBA05 /* EditProfileView.swift in Sources */ = {isa = PBXBuildFile; fileRef = 3EAE758D2DE2F444007DBA05 /* EditProfileView.swift */; };
		3EAE75BF2DE714CE007DBA05 /* CustomNavigationBar.swift in Sources */ = {isa = PBXBuildFile; fileRef = 3EAE75BE2DE714CE007DBA05 /* CustomNavigationBar.swift */; };
		3EAE75C22DE71500007DBA05 /* Filter.swift in Sources */ = {isa = PBXBuildFile; fileRef = 3EAE75C02DE71500007DBA05 /* Filter.swift */; };
		3EAE75C32DE71500007DBA05 /* MockData.swift in Sources */ = {isa = PBXBuildFile; fileRef = 3EAE75C12DE71500007DBA05 /* MockData.swift */; };
		3EAE75CA2DE7153C007DBA05 /* TopRankingSectionView.swift in Sources */ = {isa = PBXBuildFile; fileRef = 3EAE75C82DE7153C007DBA05 /* TopRankingSectionView.swift */; };
		3EAE75CB2DE7153C007DBA05 /* FilterFeedView.swift in Sources */ = {isa = PBXBuildFile; fileRef = 3EAE75C62DE7153C007DBA05 /* FilterFeedView.swift */; };
		3EAE75CC2DE7153C007DBA05 /* FilterFeedSectionView.swift in Sources */ = {isa = PBXBuildFile; fileRef = 3EAE75C52DE7153C007DBA05 /* FilterFeedSectionView.swift */; };
		3EAE75CD2DE7153C007DBA05 /* FilterFeedCard.swift in Sources */ = {isa = PBXBuildFile; fileRef = 3EAE75C42DE7153C007DBA05 /* FilterFeedCard.swift */; };
		3EAE75CE2DE7153C007DBA05 /* RankingFilterCard.swift in Sources */ = {isa = PBXBuildFile; fileRef = 3EAE75C72DE7153C007DBA05 /* RankingFilterCard.swift */; };
		3EAE75D02DE7159C007DBA05 /* LikeButton.swift in Sources */ = {isa = PBXBuildFile; fileRef = 3EAE75CF2DE7159C007DBA05 /* LikeButton.swift */; };
		3EAE75D22DE71B50007DBA05 /* FilterAPIService.swift in Sources */ = {isa = PBXBuildFile; fileRef = 3EAE75D12DE71B50007DBA05 /* FilterAPIService.swift */; };
		3EAE75D52DE71B62007DBA05 /* ToggleLikeUseCase.swift in Sources */ = {isa = PBXBuildFile; fileRef = 3EAE75D42DE71B62007DBA05 /* ToggleLikeUseCase.swift */; };
		3EAE75D62DE71B62007DBA05 /* FetchFiltersUseCase.swift in Sources */ = {isa = PBXBuildFile; fileRef = 3EAE75D32DE71B62007DBA05 /* FetchFiltersUseCase.swift */; };
		3EAE75DB2DE71C0D007DBA05 /* FilterFeedIntent.swift in Sources */ = {isa = PBXBuildFile; fileRef = 3EAE75D72DE71C0D007DBA05 /* FilterFeedIntent.swift */; };
		3EAE75DC2DE71C0D007DBA05 /* FilterFeedState.swift in Sources */ = {isa = PBXBuildFile; fileRef = 3EAE75D92DE71C0D007DBA05 /* FilterFeedState.swift */; };
		3EAE75DD2DE71C0D007DBA05 /* FilterFeedReducer.swift in Sources */ = {isa = PBXBuildFile; fileRef = 3EAE75D82DE71C0D007DBA05 /* FilterFeedReducer.swift */; };
		3EAE75DE2DE71C0D007DBA05 /* FilterFeedStore.swift in Sources */ = {isa = PBXBuildFile; fileRef = 3EAE75DA2DE71C0D007DBA05 /* FilterFeedStore.swift */; };
		3EAE75E02DE71F47007DBA05 /* UserModels.swift in Sources */ = {isa = PBXBuildFile; fileRef = 3EAE75DF2DE71F47007DBA05 /* UserModels.swift */; };
		3EC86A082DD21A5500949918 /* Preview Assets.xcassets in Resources */ = {isa = PBXBuildFile; fileRef = 3EC86A022DD21A5500949918 /* Preview Assets.xcassets */; };
		3EC86A092DD21A5500949918 /* Assets.xcassets in Resources */ = {isa = PBXBuildFile; fileRef = 3EC86A042DD21A5500949918 /* Assets.xcassets */; };
		3EC86A0A2DD21A5500949918 /* ContentView.swift in Sources */ = {isa = PBXBuildFile; fileRef = 3EC86A052DD21A5500949918 /* ContentView.swift */; };
		3EC86A0B2DD21A5500949918 /* FilterPickerApp.swift in Sources */ = {isa = PBXBuildFile; fileRef = 3EC86A062DD21A5500949918 /* FilterPickerApp.swift */; };
		3EC86A332DD36C5700949918 /* Base.xcconfig in Resources */ = {isa = PBXBuildFile; fileRef = 3EC86A322DD36C5700949918 /* Base.xcconfig */; };
		3EC86A352DD36C5E00949918 /* Debug.xcconfig in Resources */ = {isa = PBXBuildFile; fileRef = 3EC86A342DD36C5E00949918 /* Debug.xcconfig */; };
		3EC86A372DD36C6B00949918 /* Release.xcconfig in Resources */ = {isa = PBXBuildFile; fileRef = 3EC86A362DD36C6B00949918 /* Release.xcconfig */; };
		3EC86A3A2DD36F1C00949918 /* AppConfig.swift in Sources */ = {isa = PBXBuildFile; fileRef = 3EC86A392DD36F1C00949918 /* AppConfig.swift */; };
		3EC86A3C2DD3786C00949918 /* APIRequest.swift in Sources */ = {isa = PBXBuildFile; fileRef = 3EC86A3B2DD3786C00949918 /* APIRequest.swift */; };
		3ECA384F2DEC65F000C91929 /* FilterDetailIntent.swift in Sources */ = {isa = PBXBuildFile; fileRef = 3ECA384A2DEC65F000C91929 /* FilterDetailIntent.swift */; };
		3ECA38502DEC65F000C91929 /* FilterDetailReducer.swift in Sources */ = {isa = PBXBuildFile; fileRef = 3ECA384B2DEC65F000C91929 /* FilterDetailReducer.swift */; };
		3ECA38512DEC65F000C91929 /* FilterDetailState.swift in Sources */ = {isa = PBXBuildFile; fileRef = 3ECA384C2DEC65F000C91929 /* FilterDetailState.swift */; };
		3ECA38522DEC65F000C91929 /* FilterDetailStore.swift in Sources */ = {isa = PBXBuildFile; fileRef = 3ECA384D2DEC65F000C91929 /* FilterDetailStore.swift */; };
		3ECA38532DEC65F000C91929 /* FilterDetailView.swift in Sources */ = {isa = PBXBuildFile; fileRef = 3ECA384E2DEC65F000C91929 /* FilterDetailView.swift */; };
		3ECA38552DEC662B00C91929 /* FilterDetailModels.swift in Sources */ = {isa = PBXBuildFile; fileRef = 3ECA38542DEC662B00C91929 /* FilterDetailModels.swift */; };
		3ECA38572DEC663500C91929 /* FilterDetailAPIService.swift in Sources */ = {isa = PBXBuildFile; fileRef = 3ECA38562DEC663500C91929 /* FilterDetailAPIService.swift */; };
		3ECA38592DEC665600C91929 /* FilterDetailRepository.swift in Sources */ = {isa = PBXBuildFile; fileRef = 3ECA38582DEC665600C91929 /* FilterDetailRepository.swift */; };
		3ECA385B2DEC665E00C91929 /* FilterDetailUseCases.swift in Sources */ = {isa = PBXBuildFile; fileRef = 3ECA385A2DEC665E00C91929 /* FilterDetailUseCases.swift */; };
		3EDB574C2DED90BB00FAD663 /* GeocodingRepository.swift in Sources */ = {isa = PBXBuildFile; fileRef = 3EDB574B2DED90BB00FAD663 /* GeocodingRepository.swift */; };
		3EDB574E2DED90C300FAD663 /* GetAddressFromCoordinatesUseCase.swift in Sources */ = {isa = PBXBuildFile; fileRef = 3EDB574D2DED90C300FAD663 /* GetAddressFromCoordinatesUseCase.swift */; };
		3EDB57552DEDD66100FAD663 /* FilterCreateView.swift in Sources */ = {isa = PBXBuildFile; fileRef = 3EDB57532DEDD66100FAD663 /* FilterCreateView.swift */; };
		3EDB57562DEDD66100FAD663 /* FilterCreateState.swift in Sources */ = {isa = PBXBuildFile; fileRef = 3EDB57512DEDD66100FAD663 /* FilterCreateState.swift */; };
		3EDB57572DEDD66100FAD663 /* FilterCreateIntent.swift in Sources */ = {isa = PBXBuildFile; fileRef = 3EDB574F2DEDD66100FAD663 /* FilterCreateIntent.swift */; };
		3EDB57582DEDD66100FAD663 /* FilterCreateStore.swift in Sources */ = {isa = PBXBuildFile; fileRef = 3EDB57522DEDD66100FAD663 /* FilterCreateStore.swift */; };
		3EDB57592DEDD66100FAD663 /* FilterCreateReducer.swift in Sources */ = {isa = PBXBuildFile; fileRef = 3EDB57502DEDD66100FAD663 /* FilterCreateReducer.swift */; };
		3EDB575F2DEDDCFB00FAD663 /* FilterEditState.swift in Sources */ = {isa = PBXBuildFile; fileRef = 3EDB575C2DEDDCFB00FAD663 /* FilterEditState.swift */; };
		3EDB57602DEDDCFB00FAD663 /* FilterEditStore.swift in Sources */ = {isa = PBXBuildFile; fileRef = 3EDB575D2DEDDCFB00FAD663 /* FilterEditStore.swift */; };
		3EDB57612DEDDCFB00FAD663 /* FilterEditReducer.swift in Sources */ = {isa = PBXBuildFile; fileRef = 3EDB575B2DEDDCFB00FAD663 /* FilterEditReducer.swift */; };
		3EDB57622DEDDCFB00FAD663 /* FilterEditView.swift in Sources */ = {isa = PBXBuildFile; fileRef = 3EDB575E2DEDDCFB00FAD663 /* FilterEditView.swift */; };
		3EDB57632DEDDCFB00FAD663 /* FilterEditIntent.swift in Sources */ = {isa = PBXBuildFile; fileRef = 3EDB575A2DEDDCFB00FAD663 /* FilterEditIntent.swift */; };
		3EDB57652DEEC1EF00FAD663 /* Navi+Extension.swift in Sources */ = {isa = PBXBuildFile; fileRef = 3EDB57642DEEC1EF00FAD663 /* Navi+Extension.swift */; };
		3EDB57672DEED3A200FAD663 /* ImageFilterManager.swift in Sources */ = {isa = PBXBuildFile; fileRef = 3EDB57662DEED3A200FAD663 /* ImageFilterManager.swift */; };
		3EDB57692DEEE01600FAD663 /* PhotoMetadata.swift in Sources */ = {isa = PBXBuildFile; fileRef = 3EDB57682DEEE01600FAD663 /* PhotoMetadata.swift */; };
		3EDB576B2DEEE04900FAD663 /* PhotoMetadataExtractor.swift in Sources */ = {isa = PBXBuildFile; fileRef = 3EDB576A2DEEE04900FAD663 /* PhotoMetadataExtractor.swift */; };
		3EDB576D2DEF0E6600FAD663 /* ImageProcessor.swift in Sources */ = {isa = PBXBuildFile; fileRef = 3EDB576C2DEF0E6600FAD663 /* ImageProcessor.swift */; };
/* End PBXBuildFile section */

/* Begin PBXFileReference section */
		3E237BE32DE1A76200423E9E /* RootTabView.swift */ = {isa = PBXFileReference; lastKnownFileType = sourcecode.swift; path = RootTabView.swift; sourceTree = "<group>"; };
		3E237BE52DE1A82400423E9E /* CustomTabBarView.swift */ = {isa = PBXFileReference; lastKnownFileType = sourcecode.swift; path = CustomTabBarView.swift; sourceTree = "<group>"; };
		3E3CF14F2DD5676B00B5D650 /* APIService.swift */ = {isa = PBXFileReference; lastKnownFileType = sourcecode.swift; path = APIService.swift; sourceTree = "<group>"; };
		3E3CF1532DD56B7700B5D650 /* AuthRepository.swift */ = {isa = PBXFileReference; lastKnownFileType = sourcecode.swift; path = AuthRepository.swift; sourceTree = "<group>"; };
		3E3CF1552DD5F0B300B5D650 /* AuthTokenResponse.swift */ = {isa = PBXFileReference; lastKnownFileType = sourcecode.swift; path = AuthTokenResponse.swift; sourceTree = "<group>"; };
		3E3CF15A2DD5F7C000B5D650 /* TokenStorage.swift */ = {isa = PBXFileReference; lastKnownFileType = sourcecode.swift; path = TokenStorage.swift; sourceTree = "<group>"; };
		3E3CF15E2DD5FAB700B5D650 /* AuthIntent.swift */ = {isa = PBXFileReference; lastKnownFileType = sourcecode.swift; path = AuthIntent.swift; sourceTree = "<group>"; };
		3E3CF1602DD5FAF700B5D650 /* AuthState.swift */ = {isa = PBXFileReference; lastKnownFileType = sourcecode.swift; path = AuthState.swift; sourceTree = "<group>"; };
		3E3CF1622DD5FB0900B5D650 /* AuthStore.swift */ = {isa = PBXFileReference; lastKnownFileType = sourcecode.swift; path = AuthStore.swift; sourceTree = "<group>"; };
		3E3CF1642DD5FB2500B5D650 /* AuthReducer.swift */ = {isa = PBXFileReference; lastKnownFileType = sourcecode.swift; path = AuthReducer.swift; sourceTree = "<group>"; };
		3E3CF1662DD5FB4A00B5D650 /* AuthView.swift */ = {isa = PBXFileReference; lastKnownFileType = sourcecode.swift; path = AuthView.swift; sourceTree = "<group>"; };
		3E3CF1682DD71E4400B5D650 /* AppIntent.swift */ = {isa = PBXFileReference; lastKnownFileType = sourcecode.swift; path = AppIntent.swift; sourceTree = "<group>"; };
		3E3CF1692DD71E4400B5D650 /* AppReducer.swift */ = {isa = PBXFileReference; lastKnownFileType = sourcecode.swift; path = AppReducer.swift; sourceTree = "<group>"; };
		3E3CF16A2DD71E4400B5D650 /* AppRoute.swift */ = {isa = PBXFileReference; lastKnownFileType = sourcecode.swift; path = AppRoute.swift; sourceTree = "<group>"; };
		3E3CF16B2DD71E4400B5D650 /* AppState.swift */ = {isa = PBXFileReference; lastKnownFileType = sourcecode.swift; path = AppState.swift; sourceTree = "<group>"; };
		3E3CF16C2DD71E4400B5D650 /* AppStore.swift */ = {isa = PBXFileReference; lastKnownFileType = sourcecode.swift; path = AppStore.swift; sourceTree = "<group>"; };
		3E3CF1722DD7321200B5D650 /* TokenResponse.swift */ = {isa = PBXFileReference; lastKnownFileType = sourcecode.swift; path = TokenResponse.swift; sourceTree = "<group>"; };
		3E3CF1742DD735C000B5D650 /* JWTDecoder.swift */ = {isa = PBXFileReference; lastKnownFileType = sourcecode.swift; path = JWTDecoder.swift; sourceTree = "<group>"; };
		3E3CF1792DD9ACB300B5D650 /* ErrorResponse.swift */ = {isa = PBXFileReference; lastKnownFileType = sourcecode.swift; path = ErrorResponse.swift; sourceTree = "<group>"; };
		3E3CF17B2DD9B91200B5D650 /* FilterPicker.entitlements */ = {isa = PBXFileReference; lastKnownFileType = text.plist.entitlements; path = FilterPicker.entitlements; sourceTree = "<group>"; };
		3E3CF17E2DD9CDB400B5D650 /* AppleSignInHandler.swift */ = {isa = PBXFileReference; lastKnownFileType = sourcecode.swift; path = AppleSignInHandler.swift; sourceTree = "<group>"; };
		3E3CF1972DD9D71D00B5D650 /* KakaoSignInHandler.swift */ = {isa = PBXFileReference; lastKnownFileType = sourcecode.swift; path = KakaoSignInHandler.swift; sourceTree = "<group>"; };
		3E3CF1992DD9FF3300B5D650 /* FontStyle.swift */ = {isa = PBXFileReference; lastKnownFileType = sourcecode.swift; path = FontStyle.swift; sourceTree = "<group>"; };
		3E3CF19B2DD9FFAD00B5D650 /* View+Extension.swift */ = {isa = PBXFileReference; lastKnownFileType = sourcecode.swift; path = "View+Extension.swift"; sourceTree = "<group>"; };
		3E3CF19D2DDA063900B5D650 /* Pretendard-Bold.ttf */ = {isa = PBXFileReference; lastKnownFileType = file; path = "Pretendard-Bold.ttf"; sourceTree = "<group>"; };
		3E3CF19E2DDA063900B5D650 /* Pretendard-Medium.ttf */ = {isa = PBXFileReference; lastKnownFileType = file; path = "Pretendard-Medium.ttf"; sourceTree = "<group>"; };
		3E3CF19F2DDA063900B5D650 /* Pretendard-Regular.ttf */ = {isa = PBXFileReference; lastKnownFileType = file; path = "Pretendard-Regular.ttf"; sourceTree = "<group>"; };
		3E3CF1A32DDA064900B5D650 /* Mulgyeol-Bold.ttf */ = {isa = PBXFileReference; lastKnownFileType = file; path = "Mulgyeol-Bold.ttf"; sourceTree = "<group>"; };
		3E3CF1A42DDA064900B5D650 /* Mulgyeol-Regular.ttf */ = {isa = PBXFileReference; lastKnownFileType = file; path = "Mulgyeol-Regular.ttf"; sourceTree = "<group>"; };
		3E3CF1A82DDA086E00B5D650 /* CustomFontName.swift */ = {isa = PBXFileReference; lastKnownFileType = sourcecode.swift; path = CustomFontName.swift; sourceTree = "<group>"; };
		3E3CF1AA2DDA11A900B5D650 /* ColorPalette.swift */ = {isa = PBXFileReference; lastKnownFileType = sourcecode.swift; path = ColorPalette.swift; sourceTree = "<group>"; };
		3E3CF1B82DDC913500B5D650 /* Icon.swift */ = {isa = PBXFileReference; lastKnownFileType = sourcecode.swift; path = Icon.swift; sourceTree = "<group>"; };
		3E3CF1BA2DDC9C8900B5D650 /* FilterCategorySectionView.swift */ = {isa = PBXFileReference; lastKnownFileType = sourcecode.swift; path = FilterCategorySectionView.swift; sourceTree = "<group>"; };
		3E3CF1BB2DDC9C8900B5D650 /* MainView.swift */ = {isa = PBXFileReference; lastKnownFileType = sourcecode.swift; path = MainView.swift; sourceTree = "<group>"; };
		3E3CF1BC2DDC9C8900B5D650 /* TodayCreatorSectionView.swift */ = {isa = PBXFileReference; lastKnownFileType = sourcecode.swift; path = TodayCreatorSectionView.swift; sourceTree = "<group>"; };
		3E3CF1BD2DDC9C8900B5D650 /* TodayFilterSectionView.swift */ = {isa = PBXFileReference; lastKnownFileType = sourcecode.swift; path = TodayFilterSectionView.swift; sourceTree = "<group>"; };
		3E3CF1BE2DDC9C8900B5D650 /* TrendingFilterSectionView.swift */ = {isa = PBXFileReference; lastKnownFileType = sourcecode.swift; path = TrendingFilterSectionView.swift; sourceTree = "<group>"; };
		3E3CF1C52DDCACBB00B5D650 /* TrendingBannerSectionView.swift */ = {isa = PBXFileReference; lastKnownFileType = sourcecode.swift; path = TrendingBannerSectionView.swift; sourceTree = "<group>"; };
		3E3CF1C72DDCC9E000B5D650 /* PagingCarouselView.swift */ = {isa = PBXFileReference; lastKnownFileType = sourcecode.swift; path = PagingCarouselView.swift; sourceTree = "<group>"; };
		3E3CF1F12DDDB5CE00B5D650 /* MainIntent.swift */ = {isa = PBXFileReference; lastKnownFileType = sourcecode.swift; path = MainIntent.swift; sourceTree = "<group>"; };
		3E3CF1F32DDDB5CE00B5D650 /* TodayFilterResponse.swift */ = {isa = PBXFileReference; lastKnownFileType = sourcecode.swift; path = TodayFilterResponse.swift; sourceTree = "<group>"; };
		3E3CF1F52DDDB5CE00B5D650 /* MainState.swift */ = {isa = PBXFileReference; lastKnownFileType = sourcecode.swift; path = MainState.swift; sourceTree = "<group>"; };
		3E3CF1F72DDDB5CE00B5D650 /* MainStore.swift */ = {isa = PBXFileReference; lastKnownFileType = sourcecode.swift; path = MainStore.swift; sourceTree = "<group>"; };
		3E3CF1FD2DDDB5EB00B5D650 /* FilterRepository.swift */ = {isa = PBXFileReference; lastKnownFileType = sourcecode.swift; path = FilterRepository.swift; sourceTree = "<group>"; };
		3E3CF1FF2DDDCC1400B5D650 /* URLImageLoader.swift */ = {isa = PBXFileReference; lastKnownFileType = sourcecode.swift; path = URLImageLoader.swift; sourceTree = "<group>"; };
		3E3CF2002DDDCC1400B5D650 /* URLImageView.swift */ = {isa = PBXFileReference; lastKnownFileType = sourcecode.swift; path = URLImageView.swift; sourceTree = "<group>"; };
		3E95922C2DDE0DDE00DCE664 /* HotTrendResponse.swift */ = {isa = PBXFileReference; lastKnownFileType = sourcecode.swift; path = HotTrendResponse.swift; sourceTree = "<group>"; };
		3E95922E2DDE146900DCE664 /* TrendingFilterCardView.swift */ = {isa = PBXFileReference; lastKnownFileType = sourcecode.swift; path = TrendingFilterCardView.swift; sourceTree = "<group>"; };
		3E9592302DDE1EAC00DCE664 /* TodayAuthorResponse.swift */ = {isa = PBXFileReference; lastKnownFileType = sourcecode.swift; path = TodayAuthorResponse.swift; sourceTree = "<group>"; };
		3EAE75732DE1A877007DBA05 /* TabItem.swift */ = {isa = PBXFileReference; lastKnownFileType = sourcecode.swift; path = TabItem.swift; sourceTree = "<group>"; };
		3EAE75772DE1B805007DBA05 /* CustomBlurView.swift */ = {isa = PBXFileReference; lastKnownFileType = sourcecode.swift; path = CustomBlurView.swift; sourceTree = "<group>"; };
		3EAE75792DE2E4A4007DBA05 /* MyPageIntent.swift */ = {isa = PBXFileReference; lastKnownFileType = sourcecode.swift; path = MyPageIntent.swift; sourceTree = "<group>"; };
		3EAE757B2DE2E4A4007DBA05 /* MyPageReducer.swift */ = {isa = PBXFileReference; lastKnownFileType = sourcecode.swift; path = MyPageReducer.swift; sourceTree = "<group>"; };
		3EAE757D2DE2E4A4007DBA05 /* MyPageState.swift */ = {isa = PBXFileReference; lastKnownFileType = sourcecode.swift; path = MyPageState.swift; sourceTree = "<group>"; };
		3EAE757F2DE2E4A4007DBA05 /* MyPageStore.swift */ = {isa = PBXFileReference; lastKnownFileType = sourcecode.swift; path = MyPageStore.swift; sourceTree = "<group>"; };
		3EAE75812DE2E4A4007DBA05 /* MyPageView.swift */ = {isa = PBXFileReference; lastKnownFileType = sourcecode.swift; path = MyPageView.swift; sourceTree = "<group>"; };
		3EAE75892DE2E4EB007DBA05 /* UserRepository.swift */ = {isa = PBXFileReference; lastKnownFileType = sourcecode.swift; path = UserRepository.swift; sourceTree = "<group>"; };
		3EAE758B2DE2EBBC007DBA05 /* UserProfile.swift */ = {isa = PBXFileReference; lastKnownFileType = sourcecode.swift; path = UserProfile.swift; sourceTree = "<group>"; };
		3EAE758D2DE2F444007DBA05 /* EditProfileView.swift */ = {isa = PBXFileReference; lastKnownFileType = sourcecode.swift; path = EditProfileView.swift; sourceTree = "<group>"; };
		3EAE75BE2DE714CE007DBA05 /* CustomNavigationBar.swift */ = {isa = PBXFileReference; lastKnownFileType = sourcecode.swift; path = CustomNavigationBar.swift; sourceTree = "<group>"; };
		3EAE75C02DE71500007DBA05 /* Filter.swift */ = {isa = PBXFileReference; lastKnownFileType = sourcecode.swift; path = Filter.swift; sourceTree = "<group>"; };
		3EAE75C12DE71500007DBA05 /* MockData.swift */ = {isa = PBXFileReference; lastKnownFileType = sourcecode.swift; path = MockData.swift; sourceTree = "<group>"; };
		3EAE75C42DE7153C007DBA05 /* FilterFeedCard.swift */ = {isa = PBXFileReference; lastKnownFileType = sourcecode.swift; path = FilterFeedCard.swift; sourceTree = "<group>"; };
		3EAE75C52DE7153C007DBA05 /* FilterFeedSectionView.swift */ = {isa = PBXFileReference; lastKnownFileType = sourcecode.swift; path = FilterFeedSectionView.swift; sourceTree = "<group>"; };
		3EAE75C62DE7153C007DBA05 /* FilterFeedView.swift */ = {isa = PBXFileReference; lastKnownFileType = sourcecode.swift; path = FilterFeedView.swift; sourceTree = "<group>"; };
		3EAE75C72DE7153C007DBA05 /* RankingFilterCard.swift */ = {isa = PBXFileReference; lastKnownFileType = sourcecode.swift; path = RankingFilterCard.swift; sourceTree = "<group>"; };
		3EAE75C82DE7153C007DBA05 /* TopRankingSectionView.swift */ = {isa = PBXFileReference; lastKnownFileType = sourcecode.swift; path = TopRankingSectionView.swift; sourceTree = "<group>"; };
		3EAE75CF2DE7159C007DBA05 /* LikeButton.swift */ = {isa = PBXFileReference; lastKnownFileType = sourcecode.swift; path = LikeButton.swift; sourceTree = "<group>"; };
		3EAE75D12DE71B50007DBA05 /* FilterAPIService.swift */ = {isa = PBXFileReference; lastKnownFileType = sourcecode.swift; path = FilterAPIService.swift; sourceTree = "<group>"; };
		3EAE75D32DE71B62007DBA05 /* FetchFiltersUseCase.swift */ = {isa = PBXFileReference; lastKnownFileType = sourcecode.swift; path = FetchFiltersUseCase.swift; sourceTree = "<group>"; };
		3EAE75D42DE71B62007DBA05 /* ToggleLikeUseCase.swift */ = {isa = PBXFileReference; lastKnownFileType = sourcecode.swift; path = ToggleLikeUseCase.swift; sourceTree = "<group>"; };
		3EAE75D72DE71C0D007DBA05 /* FilterFeedIntent.swift */ = {isa = PBXFileReference; lastKnownFileType = sourcecode.swift; path = FilterFeedIntent.swift; sourceTree = "<group>"; };
		3EAE75D82DE71C0D007DBA05 /* FilterFeedReducer.swift */ = {isa = PBXFileReference; lastKnownFileType = sourcecode.swift; path = FilterFeedReducer.swift; sourceTree = "<group>"; };
		3EAE75D92DE71C0D007DBA05 /* FilterFeedState.swift */ = {isa = PBXFileReference; lastKnownFileType = sourcecode.swift; path = FilterFeedState.swift; sourceTree = "<group>"; };
		3EAE75DA2DE71C0D007DBA05 /* FilterFeedStore.swift */ = {isa = PBXFileReference; lastKnownFileType = sourcecode.swift; path = FilterFeedStore.swift; sourceTree = "<group>"; };
		3EAE75DF2DE71F47007DBA05 /* UserModels.swift */ = {isa = PBXFileReference; lastKnownFileType = sourcecode.swift; path = UserModels.swift; sourceTree = "<group>"; };
		3EC869E82DD21A0E00949918 /* FilterPicker.app */ = {isa = PBXFileReference; explicitFileType = wrapper.application; includeInIndex = 0; path = FilterPicker.app; sourceTree = BUILT_PRODUCTS_DIR; };
		3EC86A022DD21A5500949918 /* Preview Assets.xcassets */ = {isa = PBXFileReference; lastKnownFileType = folder.assetcatalog; path = "Preview Assets.xcassets"; sourceTree = "<group>"; };
		3EC86A042DD21A5500949918 /* Assets.xcassets */ = {isa = PBXFileReference; lastKnownFileType = folder.assetcatalog; path = Assets.xcassets; sourceTree = "<group>"; };
		3EC86A052DD21A5500949918 /* ContentView.swift */ = {isa = PBXFileReference; lastKnownFileType = sourcecode.swift; path = ContentView.swift; sourceTree = "<group>"; };
		3EC86A062DD21A5500949918 /* FilterPickerApp.swift */ = {isa = PBXFileReference; lastKnownFileType = sourcecode.swift; path = FilterPickerApp.swift; sourceTree = "<group>"; };
		3EC86A322DD36C5700949918 /* Base.xcconfig */ = {isa = PBXFileReference; lastKnownFileType = text.xcconfig; path = Base.xcconfig; sourceTree = "<group>"; };
		3EC86A342DD36C5E00949918 /* Debug.xcconfig */ = {isa = PBXFileReference; lastKnownFileType = text.xcconfig; path = Debug.xcconfig; sourceTree = "<group>"; };
		3EC86A362DD36C6B00949918 /* Release.xcconfig */ = {isa = PBXFileReference; lastKnownFileType = text.xcconfig; path = Release.xcconfig; sourceTree = "<group>"; };
		3EC86A382DD36D7300949918 /* Info.plist */ = {isa = PBXFileReference; lastKnownFileType = text.plist; path = Info.plist; sourceTree = "<group>"; };
		3EC86A392DD36F1C00949918 /* AppConfig.swift */ = {isa = PBXFileReference; lastKnownFileType = sourcecode.swift; path = AppConfig.swift; sourceTree = "<group>"; };
		3EC86A3B2DD3786C00949918 /* APIRequest.swift */ = {isa = PBXFileReference; lastKnownFileType = sourcecode.swift; path = APIRequest.swift; sourceTree = "<group>"; };
		3ECA384A2DEC65F000C91929 /* FilterDetailIntent.swift */ = {isa = PBXFileReference; lastKnownFileType = sourcecode.swift; path = FilterDetailIntent.swift; sourceTree = "<group>"; };
		3ECA384B2DEC65F000C91929 /* FilterDetailReducer.swift */ = {isa = PBXFileReference; lastKnownFileType = sourcecode.swift; path = FilterDetailReducer.swift; sourceTree = "<group>"; };
		3ECA384C2DEC65F000C91929 /* FilterDetailState.swift */ = {isa = PBXFileReference; lastKnownFileType = sourcecode.swift; path = FilterDetailState.swift; sourceTree = "<group>"; };
		3ECA384D2DEC65F000C91929 /* FilterDetailStore.swift */ = {isa = PBXFileReference; lastKnownFileType = sourcecode.swift; path = FilterDetailStore.swift; sourceTree = "<group>"; };
		3ECA384E2DEC65F000C91929 /* FilterDetailView.swift */ = {isa = PBXFileReference; lastKnownFileType = sourcecode.swift; path = FilterDetailView.swift; sourceTree = "<group>"; };
		3ECA38542DEC662B00C91929 /* FilterDetailModels.swift */ = {isa = PBXFileReference; lastKnownFileType = sourcecode.swift; path = FilterDetailModels.swift; sourceTree = "<group>"; };
		3ECA38562DEC663500C91929 /* FilterDetailAPIService.swift */ = {isa = PBXFileReference; lastKnownFileType = sourcecode.swift; path = FilterDetailAPIService.swift; sourceTree = "<group>"; };
		3ECA38582DEC665600C91929 /* FilterDetailRepository.swift */ = {isa = PBXFileReference; lastKnownFileType = sourcecode.swift; path = FilterDetailRepository.swift; sourceTree = "<group>"; };
		3ECA385A2DEC665E00C91929 /* FilterDetailUseCases.swift */ = {isa = PBXFileReference; lastKnownFileType = sourcecode.swift; path = FilterDetailUseCases.swift; sourceTree = "<group>"; };
		3EDB574B2DED90BB00FAD663 /* GeocodingRepository.swift */ = {isa = PBXFileReference; lastKnownFileType = sourcecode.swift; path = GeocodingRepository.swift; sourceTree = "<group>"; };
		3EDB574D2DED90C300FAD663 /* GetAddressFromCoordinatesUseCase.swift */ = {isa = PBXFileReference; lastKnownFileType = sourcecode.swift; path = GetAddressFromCoordinatesUseCase.swift; sourceTree = "<group>"; };
		3EDB574F2DEDD66100FAD663 /* FilterCreateIntent.swift */ = {isa = PBXFileReference; lastKnownFileType = sourcecode.swift; path = FilterCreateIntent.swift; sourceTree = "<group>"; };
		3EDB57502DEDD66100FAD663 /* FilterCreateReducer.swift */ = {isa = PBXFileReference; lastKnownFileType = sourcecode.swift; path = FilterCreateReducer.swift; sourceTree = "<group>"; };
		3EDB57512DEDD66100FAD663 /* FilterCreateState.swift */ = {isa = PBXFileReference; lastKnownFileType = sourcecode.swift; path = FilterCreateState.swift; sourceTree = "<group>"; };
		3EDB57522DEDD66100FAD663 /* FilterCreateStore.swift */ = {isa = PBXFileReference; lastKnownFileType = sourcecode.swift; path = FilterCreateStore.swift; sourceTree = "<group>"; };
		3EDB57532DEDD66100FAD663 /* FilterCreateView.swift */ = {isa = PBXFileReference; lastKnownFileType = sourcecode.swift; path = FilterCreateView.swift; sourceTree = "<group>"; };
		3EDB575A2DEDDCFB00FAD663 /* FilterEditIntent.swift */ = {isa = PBXFileReference; lastKnownFileType = sourcecode.swift; path = FilterEditIntent.swift; sourceTree = "<group>"; };
		3EDB575B2DEDDCFB00FAD663 /* FilterEditReducer.swift */ = {isa = PBXFileReference; lastKnownFileType = sourcecode.swift; path = FilterEditReducer.swift; sourceTree = "<group>"; };
		3EDB575C2DEDDCFB00FAD663 /* FilterEditState.swift */ = {isa = PBXFileReference; lastKnownFileType = sourcecode.swift; path = FilterEditState.swift; sourceTree = "<group>"; };
		3EDB575D2DEDDCFB00FAD663 /* FilterEditStore.swift */ = {isa = PBXFileReference; lastKnownFileType = sourcecode.swift; path = FilterEditStore.swift; sourceTree = "<group>"; };
		3EDB575E2DEDDCFB00FAD663 /* FilterEditView.swift */ = {isa = PBXFileReference; lastKnownFileType = sourcecode.swift; path = FilterEditView.swift; sourceTree = "<group>"; };
		3EDB57642DEEC1EF00FAD663 /* Navi+Extension.swift */ = {isa = PBXFileReference; lastKnownFileType = sourcecode.swift; path = "Navi+Extension.swift"; sourceTree = "<group>"; };
		3EDB57662DEED3A200FAD663 /* ImageFilterManager.swift */ = {isa = PBXFileReference; lastKnownFileType = sourcecode.swift; path = ImageFilterManager.swift; sourceTree = "<group>"; };
		3EDB57682DEEE01600FAD663 /* PhotoMetadata.swift */ = {isa = PBXFileReference; lastKnownFileType = sourcecode.swift; path = PhotoMetadata.swift; sourceTree = "<group>"; };
		3EDB576A2DEEE04900FAD663 /* PhotoMetadataExtractor.swift */ = {isa = PBXFileReference; lastKnownFileType = sourcecode.swift; path = PhotoMetadataExtractor.swift; sourceTree = "<group>"; };
		3EDB576C2DEF0E6600FAD663 /* ImageProcessor.swift */ = {isa = PBXFileReference; lastKnownFileType = sourcecode.swift; path = ImageProcessor.swift; sourceTree = "<group>"; };
/* End PBXFileReference section */

/* Begin PBXFrameworksBuildPhase section */
		3EC869E52DD21A0E00949918 /* Frameworks */ = {
			isa = PBXFrameworksBuildPhase;
			buildActionMask = 2147483647;
			files = (
				3E3CF1842DD9D06400B5D650 /* KakaoSDKCommon in Frameworks */,
				3E3CF1822DD9D06400B5D650 /* KakaoSDKAuth in Frameworks */,
				3E3CF1862DD9D06400B5D650 /* KakaoSDKUser in Frameworks */,
			);
			runOnlyForDeploymentPostprocessing = 0;
		};
/* End PBXFrameworksBuildPhase section */

/* Begin PBXGroup section */
		3E3CF1572DD5F61800B5D650 /* Storage */ = {
			isa = PBXGroup;
			children = (
				3E3CF15A2DD5F7C000B5D650 /* TokenStorage.swift */,
			);
			path = Storage;
			sourceTree = "<group>";
		};
		3E3CF1752DD735C000B5D650 /* Utils */ = {
			isa = PBXGroup;
			children = (
				3E3CF1742DD735C000B5D650 /* JWTDecoder.swift */,
			);
			path = Utils;
			sourceTree = "<group>";
		};
		3E3CF1A72DDA086400B5D650 /* Foundation */ = {
			isa = PBXGroup;
			children = (
				3E3CF1A82DDA086E00B5D650 /* CustomFontName.swift */,
				3E3CF1AA2DDA11A900B5D650 /* ColorPalette.swift */,
			);
			path = Foundation;
			sourceTree = "<group>";
		};
		3E3CF1BF2DDC9C8900B5D650 /* Main */ = {
			isa = PBXGroup;
			children = (
				3E3CF1F22DDDB5CE00B5D650 /* Intent */,
				3E3CF1F42DDDB5CE00B5D650 /* Models */,
				3E3CF1F62DDDB5CE00B5D650 /* State */,
				3E3CF1F82DDDB5CE00B5D650 /* Store */,
				3E3CF1BB2DDC9C8900B5D650 /* MainView.swift */,
				3E3CF1C72DDCC9E000B5D650 /* PagingCarouselView.swift */,
				3E3CF1BD2DDC9C8900B5D650 /* TodayFilterSectionView.swift */,
				3E3CF1BA2DDC9C8900B5D650 /* FilterCategorySectionView.swift */,
				3E3CF1C52DDCACBB00B5D650 /* TrendingBannerSectionView.swift */,
				3E3CF1BE2DDC9C8900B5D650 /* TrendingFilterSectionView.swift */,
				3E95922E2DDE146900DCE664 /* TrendingFilterCardView.swift */,
				3E3CF1BC2DDC9C8900B5D650 /* TodayCreatorSectionView.swift */,
			);
			path = Main;
			sourceTree = "<group>";
		};
		3E3CF1F22DDDB5CE00B5D650 /* Intent */ = {
			isa = PBXGroup;
			children = (
				3E3CF1F12DDDB5CE00B5D650 /* MainIntent.swift */,
			);
			path = Intent;
			sourceTree = "<group>";
		};
		3E3CF1F42DDDB5CE00B5D650 /* Models */ = {
			isa = PBXGroup;
			children = (
				3E3CF1F32DDDB5CE00B5D650 /* TodayFilterResponse.swift */,
				3E95922C2DDE0DDE00DCE664 /* HotTrendResponse.swift */,
				3E9592302DDE1EAC00DCE664 /* TodayAuthorResponse.swift */,
			);
			path = Models;
			sourceTree = "<group>";
		};
		3E3CF1F62DDDB5CE00B5D650 /* State */ = {
			isa = PBXGroup;
			children = (
				3E3CF1F52DDDB5CE00B5D650 /* MainState.swift */,
			);
			path = State;
			sourceTree = "<group>";
		};
		3E3CF1F82DDDB5CE00B5D650 /* Store */ = {
			isa = PBXGroup;
			children = (
				3E3CF1F72DDDB5CE00B5D650 /* MainStore.swift */,
			);
			path = Store;
			sourceTree = "<group>";
		};
		3EAE757A2DE2E4A4007DBA05 /* Intent */ = {
			isa = PBXGroup;
			children = (
				3EAE75792DE2E4A4007DBA05 /* MyPageIntent.swift */,
			);
			path = Intent;
			sourceTree = "<group>";
		};
		3EAE757C2DE2E4A4007DBA05 /* Reducer */ = {
			isa = PBXGroup;
			children = (
				3EAE757B2DE2E4A4007DBA05 /* MyPageReducer.swift */,
			);
			path = Reducer;
			sourceTree = "<group>";
		};
		3EAE757E2DE2E4A4007DBA05 /* State */ = {
			isa = PBXGroup;
			children = (
				3EAE757D2DE2E4A4007DBA05 /* MyPageState.swift */,
			);
			path = State;
			sourceTree = "<group>";
		};
		3EAE75802DE2E4A4007DBA05 /* Store */ = {
			isa = PBXGroup;
			children = (
				3EAE757F2DE2E4A4007DBA05 /* MyPageStore.swift */,
			);
			path = Store;
			sourceTree = "<group>";
		};
		3EAE75822DE2E4A4007DBA05 /* Views */ = {
			isa = PBXGroup;
			children = (
				3EAE75812DE2E4A4007DBA05 /* MyPageView.swift */,
				3EAE758D2DE2F444007DBA05 /* EditProfileView.swift */,
			);
			path = Views;
			sourceTree = "<group>";
		};
		3EAE75832DE2E4A4007DBA05 /* MyPage */ = {
			isa = PBXGroup;
			children = (
				3EAE757A2DE2E4A4007DBA05 /* Intent */,
				3EAE757C2DE2E4A4007DBA05 /* Reducer */,
				3EAE757E2DE2E4A4007DBA05 /* State */,
				3EAE75802DE2E4A4007DBA05 /* Store */,
				3EAE75822DE2E4A4007DBA05 /* Views */,
			);
			path = MyPage;
			sourceTree = "<group>";
		};
		3EAE75C92DE7153C007DBA05 /* FilterFeed */ = {
			isa = PBXGroup;
			children = (
				3EAE75D72DE71C0D007DBA05 /* FilterFeedIntent.swift */,
				3EAE75D82DE71C0D007DBA05 /* FilterFeedReducer.swift */,
				3EAE75D92DE71C0D007DBA05 /* FilterFeedState.swift */,
				3EAE75DA2DE71C0D007DBA05 /* FilterFeedStore.swift */,
				3EAE75C42DE7153C007DBA05 /* FilterFeedCard.swift */,
				3EAE75C52DE7153C007DBA05 /* FilterFeedSectionView.swift */,
				3EAE75C62DE7153C007DBA05 /* FilterFeedView.swift */,
				3EAE75C72DE7153C007DBA05 /* RankingFilterCard.swift */,
				3EAE75C82DE7153C007DBA05 /* TopRankingSectionView.swift */,
			);
			path = FilterFeed;
			sourceTree = "<group>";
		};
		3EC869DF2DD21A0E00949918 = {
			isa = PBXGroup;
			children = (
				3EC86A072DD21A5500949918 /* FilterPicker */,
				3EC869E92DD21A0E00949918 /* Products */,
			);
			sourceTree = "<group>";
		};
		3EC869E92DD21A0E00949918 /* Products */ = {
			isa = PBXGroup;
			children = (
				3EC869E82DD21A0E00949918 /* FilterPicker.app */,
			);
			name = Products;
			sourceTree = "<group>";
		};
		3EC86A032DD21A5500949918 /* Preview Content */ = {
			isa = PBXGroup;
			children = (
				3EC86A022DD21A5500949918 /* Preview Assets.xcassets */,
			);
			path = "Preview Content";
			sourceTree = "<group>";
		};
		3EC86A072DD21A5500949918 /* FilterPicker */ = {
			isa = PBXGroup;
			children = (
				3E3CF17B2DD9B91200B5D650 /* FilterPicker.entitlements */,
				3EC86A382DD36D7300949918 /* Info.plist */,
				3EC86A1C2DD353CD00949918 /* App */,
				3EC86A1E2DD3543F00949918 /* Core */,
				3EC86A232DD3546300949918 /* Features */,
				3EC86A282DD3549500949918 /* Shared */,
				3EC86A312DD354D600949918 /* Config */,
				3EC86A032DD21A5500949918 /* Preview Content */,
				3EC86A052DD21A5500949918 /* ContentView.swift */,
			);
			path = FilterPicker;
			sourceTree = "<group>";
		};
		3EC86A1C2DD353CD00949918 /* App */ = {
			isa = PBXGroup;
			children = (
				3EC86A062DD21A5500949918 /* FilterPickerApp.swift */,
				3E237BE32DE1A76200423E9E /* RootTabView.swift */,
				3E237BE52DE1A82400423E9E /* CustomTabBarView.swift */,
				3E3CF16A2DD71E4400B5D650 /* AppRoute.swift */,
				3E3CF1682DD71E4400B5D650 /* AppIntent.swift */,
				3E3CF1692DD71E4400B5D650 /* AppReducer.swift */,
				3E3CF16B2DD71E4400B5D650 /* AppState.swift */,
				3E3CF16C2DD71E4400B5D650 /* AppStore.swift */,
			);
			path = App;
			sourceTree = "<group>";
		};
		3EC86A1E2DD3543F00949918 /* Core */ = {
			isa = PBXGroup;
			children = (
				3EC86A1F2DD3544800949918 /* Network */,
				3EC86A202DD3544C00949918 /* Repository */,
				3EC86A212DD3545200949918 /* UseCase */,
				3EC86A222DD3545700949918 /* Model */,
				3E3CF1752DD735C000B5D650 /* Utils */,
				3E3CF1572DD5F61800B5D650 /* Storage */,
			);
			path = Core;
			sourceTree = "<group>";
		};
		3EC86A1F2DD3544800949918 /* Network */ = {
			isa = PBXGroup;
			children = (
				3EC86A3B2DD3786C00949918 /* APIRequest.swift */,
				3E3CF14F2DD5676B00B5D650 /* APIService.swift */,
				3EAE75D12DE71B50007DBA05 /* FilterAPIService.swift */,
				3ECA38562DEC663500C91929 /* FilterDetailAPIService.swift */,
			);
			path = Network;
			sourceTree = "<group>";
		};
		3EC86A202DD3544C00949918 /* Repository */ = {
			isa = PBXGroup;
			children = (
				3E3CF1532DD56B7700B5D650 /* AuthRepository.swift */,
				3E3CF1FD2DDDB5EB00B5D650 /* FilterRepository.swift */,
				3EAE75892DE2E4EB007DBA05 /* UserRepository.swift */,
				3ECA38582DEC665600C91929 /* FilterDetailRepository.swift */,
				3EDB574B2DED90BB00FAD663 /* GeocodingRepository.swift */,
			);
			path = Repository;
			sourceTree = "<group>";
		};
		3EC86A212DD3545200949918 /* UseCase */ = {
			isa = PBXGroup;
			children = (
				3EAE75D32DE71B62007DBA05 /* FetchFiltersUseCase.swift */,
				3EAE75D42DE71B62007DBA05 /* ToggleLikeUseCase.swift */,
				3ECA385A2DEC665E00C91929 /* FilterDetailUseCases.swift */,
				3EDB574D2DED90C300FAD663 /* GetAddressFromCoordinatesUseCase.swift */,
			);
			path = UseCase;
			sourceTree = "<group>";
		};
		3EC86A222DD3545700949918 /* Model */ = {
			isa = PBXGroup;
			children = (
				3E3CF1552DD5F0B300B5D650 /* AuthTokenResponse.swift */,
				3E3CF1722DD7321200B5D650 /* TokenResponse.swift */,
				3E3CF1792DD9ACB300B5D650 /* ErrorResponse.swift */,
				3EAE758B2DE2EBBC007DBA05 /* UserProfile.swift */,
				3EAE75DF2DE71F47007DBA05 /* UserModels.swift */,
				3EAE75C02DE71500007DBA05 /* Filter.swift */,
				3EAE75C12DE71500007DBA05 /* MockData.swift */,
				3ECA38542DEC662B00C91929 /* FilterDetailModels.swift */,
				3EDB57682DEEE01600FAD663 /* PhotoMetadata.swift */,
			);
			path = Model;
			sourceTree = "<group>";
		};
		3EC86A232DD3546300949918 /* Features */ = {
			isa = PBXGroup;
			children = (
				3EC86A242DD3547900949918 /* Auth */,
				3E3CF1BF2DDC9C8900B5D650 /* Main */,
				3EDB57542DEDD66100FAD663 /* FilterCreate */,
				3EC86A262DD3548100949918 /* FilterDetail */,
				3EAE75C92DE7153C007DBA05 /* FilterFeed */,
				3EAE75832DE2E4A4007DBA05 /* MyPage */,
				3EC86A272DD3548700949918 /* MyFilters */,
			);
			path = Features;
			sourceTree = "<group>";
		};
		3EC86A242DD3547900949918 /* Auth */ = {
			isa = PBXGroup;
			children = (
				3E3CF17E2DD9CDB400B5D650 /* AppleSignInHandler.swift */,
				3E3CF1972DD9D71D00B5D650 /* KakaoSignInHandler.swift */,
				3E3CF1662DD5FB4A00B5D650 /* AuthView.swift */,
				3E3CF1622DD5FB0900B5D650 /* AuthStore.swift */,
				3E3CF1602DD5FAF700B5D650 /* AuthState.swift */,
				3E3CF15E2DD5FAB700B5D650 /* AuthIntent.swift */,
				3E3CF1642DD5FB2500B5D650 /* AuthReducer.swift */,
			);
			path = Auth;
			sourceTree = "<group>";
		};
		3EC86A262DD3548100949918 /* FilterDetail */ = {
			isa = PBXGroup;
			children = (
				3ECA384A2DEC65F000C91929 /* FilterDetailIntent.swift */,
				3ECA384B2DEC65F000C91929 /* FilterDetailReducer.swift */,
				3ECA384C2DEC65F000C91929 /* FilterDetailState.swift */,
				3ECA384D2DEC65F000C91929 /* FilterDetailStore.swift */,
				3ECA384E2DEC65F000C91929 /* FilterDetailView.swift */,
			);
			path = FilterDetail;
			sourceTree = "<group>";
		};
		3EC86A272DD3548700949918 /* MyFilters */ = {
			isa = PBXGroup;
			children = (
			);
			path = MyFilters;
			sourceTree = "<group>";
		};
		3EC86A282DD3549500949918 /* Shared */ = {
			isa = PBXGroup;
			children = (
				3EC86A292DD3549D00949918 /* DesignSystem */,
				3EC86A2B2DD354AF00949918 /* Extensions */,
				3EC86A2C2DD354BE00949918 /* Resources */,
				3E3CF1FF2DDDCC1400B5D650 /* URLImageLoader.swift */,
				3E3CF2002DDDCC1400B5D650 /* URLImageView.swift */,
				3EAE75772DE1B805007DBA05 /* CustomBlurView.swift */,
				3EAE75BE2DE714CE007DBA05 /* CustomNavigationBar.swift */,
				3EAE75732DE1A877007DBA05 /* TabItem.swift */,
				3EAE75CF2DE7159C007DBA05 /* LikeButton.swift */,
				3EDB57662DEED3A200FAD663 /* ImageFilterManager.swift */,
				3EDB576A2DEEE04900FAD663 /* PhotoMetadataExtractor.swift */,
				3EDB576C2DEF0E6600FAD663 /* ImageProcessor.swift */,
			);
			path = Shared;
			sourceTree = "<group>";
		};
		3EC86A292DD3549D00949918 /* DesignSystem */ = {
			isa = PBXGroup;
			children = (
				3E3CF1A72DDA086400B5D650 /* Foundation */,
				3EC86A2A2DD354A300949918 /* Components */,
				3E3CF1992DD9FF3300B5D650 /* FontStyle.swift */,
			);
			path = DesignSystem;
			sourceTree = "<group>";
		};
		3EC86A2A2DD354A300949918 /* Components */ = {
			isa = PBXGroup;
			children = (
				3E3CF1B82DDC913500B5D650 /* Icon.swift */,
			);
			path = Components;
			sourceTree = "<group>";
		};
		3EC86A2B2DD354AF00949918 /* Extensions */ = {
			isa = PBXGroup;
			children = (
				3E3CF19B2DD9FFAD00B5D650 /* View+Extension.swift */,
				3EDB57642DEEC1EF00FAD663 /* Navi+Extension.swift */,
			);
			path = Extensions;
			sourceTree = "<group>";
		};
		3EC86A2C2DD354BE00949918 /* Resources */ = {
			isa = PBXGroup;
			children = (
				3EC86A042DD21A5500949918 /* Assets.xcassets */,
				3E3CF19D2DDA063900B5D650 /* Pretendard-Bold.ttf */,
				3E3CF19E2DDA063900B5D650 /* Pretendard-Medium.ttf */,
				3E3CF19F2DDA063900B5D650 /* Pretendard-Regular.ttf */,
				3E3CF1A32DDA064900B5D650 /* Mulgyeol-Bold.ttf */,
				3E3CF1A42DDA064900B5D650 /* Mulgyeol-Regular.ttf */,
			);
			path = Resources;
			sourceTree = "<group>";
		};
		3EC86A312DD354D600949918 /* Config */ = {
			isa = PBXGroup;
			children = (
				3EC86A392DD36F1C00949918 /* AppConfig.swift */,
				3EC86A322DD36C5700949918 /* Base.xcconfig */,
				3EC86A342DD36C5E00949918 /* Debug.xcconfig */,
				3EC86A362DD36C6B00949918 /* Release.xcconfig */,
			);
			path = Config;
			sourceTree = "<group>";
		};
		3EDB57542DEDD66100FAD663 /* FilterCreate */ = {
			isa = PBXGroup;
			children = (
				3EDB574F2DEDD66100FAD663 /* FilterCreateIntent.swift */,
				3EDB57502DEDD66100FAD663 /* FilterCreateReducer.swift */,
				3EDB57512DEDD66100FAD663 /* FilterCreateState.swift */,
				3EDB57522DEDD66100FAD663 /* FilterCreateStore.swift */,
				3EDB57532DEDD66100FAD663 /* FilterCreateView.swift */,
				3EDB575A2DEDDCFB00FAD663 /* FilterEditIntent.swift */,
				3EDB575B2DEDDCFB00FAD663 /* FilterEditReducer.swift */,
				3EDB575C2DEDDCFB00FAD663 /* FilterEditState.swift */,
				3EDB575D2DEDDCFB00FAD663 /* FilterEditStore.swift */,
				3EDB575E2DEDDCFB00FAD663 /* FilterEditView.swift */,
			);
			path = FilterCreate;
			sourceTree = "<group>";
		};
/* End PBXGroup section */

/* Begin PBXNativeTarget section */
		3EC869E72DD21A0E00949918 /* FilterPicker */ = {
			isa = PBXNativeTarget;
			buildConfigurationList = 3EC869F62DD21A1000949918 /* Build configuration list for PBXNativeTarget "FilterPicker" */;
			buildPhases = (
				3EC869E42DD21A0E00949918 /* Sources */,
				3EC869E52DD21A0E00949918 /* Frameworks */,
				3EC869E62DD21A0E00949918 /* Resources */,
			);
			buildRules = (
			);
			dependencies = (
			);
			name = FilterPicker;
			packageProductDependencies = (
				3E3CF1812DD9D06400B5D650 /* KakaoSDKAuth */,
				3E3CF1832DD9D06400B5D650 /* KakaoSDKCommon */,
				3E3CF1852DD9D06400B5D650 /* KakaoSDKUser */,
			);
			productName = FilterPicker;
			productReference = 3EC869E82DD21A0E00949918 /* FilterPicker.app */;
			productType = "com.apple.product-type.application";
		};
/* End PBXNativeTarget section */

/* Begin PBXProject section */
		3EC869E02DD21A0E00949918 /* Project object */ = {
			isa = PBXProject;
			attributes = {
				BuildIndependentTargetsInParallel = 1;
				LastSwiftUpdateCheck = 1620;
				LastUpgradeCheck = 1620;
				TargetAttributes = {
					3EC869E72DD21A0E00949918 = {
						CreatedOnToolsVersion = 16.2;
					};
				};
			};
			buildConfigurationList = 3EC869E32DD21A0E00949918 /* Build configuration list for PBXProject "FilterPicker" */;
			developmentRegion = en;
			hasScannedForEncodings = 0;
			knownRegions = (
				en,
				Base,
			);
			mainGroup = 3EC869DF2DD21A0E00949918;
			minimizedProjectReferenceProxies = 1;
			packageReferences = (
				3E3CF1802DD9D06400B5D650 /* XCRemoteSwiftPackageReference "kakao-ios-sdk" */,
			);
			preferredProjectObjectVersion = 77;
			productRefGroup = 3EC869E92DD21A0E00949918 /* Products */;
			projectDirPath = "";
			projectRoot = "";
			targets = (
				3EC869E72DD21A0E00949918 /* FilterPicker */,
			);
		};
/* End PBXProject section */

/* Begin PBXResourcesBuildPhase section */
		3EC869E62DD21A0E00949918 /* Resources */ = {
			isa = PBXResourcesBuildPhase;
			buildActionMask = 2147483647;
			files = (
				3EC86A352DD36C5E00949918 /* Debug.xcconfig in Resources */,
				3EC86A082DD21A5500949918 /* Preview Assets.xcassets in Resources */,
				3E3CF1A02DDA063900B5D650 /* Pretendard-Bold.ttf in Resources */,
				3E3CF1A12DDA063900B5D650 /* Pretendard-Medium.ttf in Resources */,
				3E3CF1A52DDA064900B5D650 /* Mulgyeol-Bold.ttf in Resources */,
				3E3CF1A62DDA064900B5D650 /* Mulgyeol-Regular.ttf in Resources */,
				3E3CF1A22DDA063900B5D650 /* Pretendard-Regular.ttf in Resources */,
				3EC86A092DD21A5500949918 /* Assets.xcassets in Resources */,
				3EC86A332DD36C5700949918 /* Base.xcconfig in Resources */,
				3EC86A372DD36C6B00949918 /* Release.xcconfig in Resources */,
			);
			runOnlyForDeploymentPostprocessing = 0;
		};
/* End PBXResourcesBuildPhase section */

/* Begin PBXSourcesBuildPhase section */
		3EC869E42DD21A0E00949918 /* Sources */ = {
			isa = PBXSourcesBuildPhase;
			buildActionMask = 2147483647;
			files = (
				3ECA38552DEC662B00C91929 /* FilterDetailModels.swift in Sources */,
				3E3CF16D2DD71E4400B5D650 /* AppState.swift in Sources */,
				3EDB576D2DEF0E6600FAD663 /* ImageProcessor.swift in Sources */,
				3E3CF16E2DD71E4400B5D650 /* AppIntent.swift in Sources */,
				3E3CF16F2DD71E4400B5D650 /* AppRoute.swift in Sources */,
				3E237BE62DE1A82400423E9E /* CustomTabBarView.swift in Sources */,
				3E3CF1702DD71E4400B5D650 /* AppStore.swift in Sources */,
				3E237BE42DE1A76200423E9E /* RootTabView.swift in Sources */,
				3EDB574C2DED90BB00FAD663 /* GeocodingRepository.swift in Sources */,
				3E95922D2DDE0DDE00DCE664 /* HotTrendResponse.swift in Sources */,
				3E3CF1B92DDC913500B5D650 /* Icon.swift in Sources */,
				3EAE75782DE1B805007DBA05 /* CustomBlurView.swift in Sources */,
				3E3CF1F92DDDB5CE00B5D650 /* MainIntent.swift in Sources */,
				3EAE75C22DE71500007DBA05 /* Filter.swift in Sources */,
				3EAE75C32DE71500007DBA05 /* MockData.swift in Sources */,
				3EDB57672DEED3A200FAD663 /* ImageFilterManager.swift in Sources */,
				3E3CF1FA2DDDB5CE00B5D650 /* MainStore.swift in Sources */,
				3EAE75742DE1A877007DBA05 /* TabItem.swift in Sources */,
				3E3CF1FB2DDDB5CE00B5D650 /* TodayFilterResponse.swift in Sources */,
				3E3CF1FC2DDDB5CE00B5D650 /* MainState.swift in Sources */,
				3EAE758E2DE2F444007DBA05 /* EditProfileView.swift in Sources */,
				3EAE758C2DE2EBBC007DBA05 /* UserProfile.swift in Sources */,
				3EDB57692DEEE01600FAD663 /* PhotoMetadata.swift in Sources */,
				3EAE75D52DE71B62007DBA05 /* ToggleLikeUseCase.swift in Sources */,
				3EAE75D62DE71B62007DBA05 /* FetchFiltersUseCase.swift in Sources */,
				3E3CF1712DD71E4400B5D650 /* AppReducer.swift in Sources */,
				3EC86A3A2DD36F1C00949918 /* AppConfig.swift in Sources */,
				3EDB576B2DEEE04900FAD663 /* PhotoMetadataExtractor.swift in Sources */,
				3E3CF1632DD5FB0900B5D650 /* AuthStore.swift in Sources */,
				3E3CF1AB2DDA11A900B5D650 /* ColorPalette.swift in Sources */,
				3E3CF1502DD5676B00B5D650 /* APIService.swift in Sources */,
				3EAE75DB2DE71C0D007DBA05 /* FilterFeedIntent.swift in Sources */,
				3EAE75DC2DE71C0D007DBA05 /* FilterFeedState.swift in Sources */,
				3EDB57552DEDD66100FAD663 /* FilterCreateView.swift in Sources */,
				3EDB57562DEDD66100FAD663 /* FilterCreateState.swift in Sources */,
				3EDB57572DEDD66100FAD663 /* FilterCreateIntent.swift in Sources */,
				3EDB57582DEDD66100FAD663 /* FilterCreateStore.swift in Sources */,
				3EDB575F2DEDDCFB00FAD663 /* FilterEditState.swift in Sources */,
				3EDB57602DEDDCFB00FAD663 /* FilterEditStore.swift in Sources */,
				3EDB57612DEDDCFB00FAD663 /* FilterEditReducer.swift in Sources */,
				3EDB57622DEDDCFB00FAD663 /* FilterEditView.swift in Sources */,
				3EDB57652DEEC1EF00FAD663 /* Navi+Extension.swift in Sources */,
				3EDB57632DEDDCFB00FAD663 /* FilterEditIntent.swift in Sources */,
				3EDB57592DEDD66100FAD663 /* FilterCreateReducer.swift in Sources */,
				3EAE75DD2DE71C0D007DBA05 /* FilterFeedReducer.swift in Sources */,
				3EAE75DE2DE71C0D007DBA05 /* FilterFeedStore.swift in Sources */,
				3EAE75D22DE71B50007DBA05 /* FilterAPIService.swift in Sources */,
				3E3CF1C82DDCC9E100B5D650 /* PagingCarouselView.swift in Sources */,
				3EC86A0A2DD21A5500949918 /* ContentView.swift in Sources */,
				3E9592312DDE1EAC00DCE664 /* TodayAuthorResponse.swift in Sources */,
				3E3CF17F2DD9CDB400B5D650 /* AppleSignInHandler.swift in Sources */,
				3ECA385B2DEC665E00C91929 /* FilterDetailUseCases.swift in Sources */,
				3E3CF19C2DD9FFAD00B5D650 /* View+Extension.swift in Sources */,
				3E3CF1C62DDCACBB00B5D650 /* TrendingBannerSectionView.swift in Sources */,
				3E95922F2DDE146900DCE664 /* TrendingFilterCardView.swift in Sources */,
				3E3CF15F2DD5FAB700B5D650 /* AuthIntent.swift in Sources */,
				3E3CF1612DD5FAF700B5D650 /* AuthState.swift in Sources */,
				3EAE75BF2DE714CE007DBA05 /* CustomNavigationBar.swift in Sources */,
				3E3CF1562DD5F0B300B5D650 /* AuthTokenResponse.swift in Sources */,
				3E3CF1C02DDC9C8900B5D650 /* FilterCategorySectionView.swift in Sources */,
				3E3CF1C12DDC9C8900B5D650 /* TrendingFilterSectionView.swift in Sources */,
				3E3CF1C22DDC9C8900B5D650 /* TodayCreatorSectionView.swift in Sources */,
				3EDB574E2DED90C300FAD663 /* GetAddressFromCoordinatesUseCase.swift in Sources */,
				3ECA384F2DEC65F000C91929 /* FilterDetailIntent.swift in Sources */,
				3ECA38502DEC65F000C91929 /* FilterDetailReducer.swift in Sources */,
				3ECA38512DEC65F000C91929 /* FilterDetailState.swift in Sources */,
				3ECA38522DEC65F000C91929 /* FilterDetailStore.swift in Sources */,
				3ECA38572DEC663500C91929 /* FilterDetailAPIService.swift in Sources */,
				3ECA38532DEC65F000C91929 /* FilterDetailView.swift in Sources */,
				3E3CF1C32DDC9C8900B5D650 /* MainView.swift in Sources */,
				3E3CF1C42DDC9C8900B5D650 /* TodayFilterSectionView.swift in Sources */,
				3E3CF1A92DDA086E00B5D650 /* CustomFontName.swift in Sources */,
				3E3CF1672DD5FB4A00B5D650 /* AuthView.swift in Sources */,
				3E3CF1732DD7321200B5D650 /* TokenResponse.swift in Sources */,
				3EAE75CA2DE7153C007DBA05 /* TopRankingSectionView.swift in Sources */,
				3EAE75CB2DE7153C007DBA05 /* FilterFeedView.swift in Sources */,
				3EAE75CC2DE7153C007DBA05 /* FilterFeedSectionView.swift in Sources */,
				3EAE75CD2DE7153C007DBA05 /* FilterFeedCard.swift in Sources */,
				3EAE75CE2DE7153C007DBA05 /* RankingFilterCard.swift in Sources */,
				3EAE758A2DE2E4EB007DBA05 /* UserRepository.swift in Sources */,
				3E3CF1982DD9D71D00B5D650 /* KakaoSignInHandler.swift in Sources */,
				3E3CF2012DDDCC1400B5D650 /* URLImageView.swift in Sources */,
				3E3CF2022DDDCC1400B5D650 /* URLImageLoader.swift in Sources */,
				3E3CF1542DD56B7700B5D650 /* AuthRepository.swift in Sources */,
				3EC86A3C2DD3786C00949918 /* APIRequest.swift in Sources */,
				3EAE75E02DE71F47007DBA05 /* UserModels.swift in Sources */,
				3E3CF19A2DD9FF3300B5D650 /* FontStyle.swift in Sources */,
				3E3CF15B2DD5F7C000B5D650 /* TokenStorage.swift in Sources */,
				3ECA38592DEC665600C91929 /* FilterDetailRepository.swift in Sources */,
				3E3CF1652DD5FB2500B5D650 /* AuthReducer.swift in Sources */,
				3E3CF1FE2DDDB5EB00B5D650 /* FilterRepository.swift in Sources */,
				3EAE75842DE2E4A4007DBA05 /* MyPageStore.swift in Sources */,
				3EAE75D02DE7159C007DBA05 /* LikeButton.swift in Sources */,
				3EAE75852DE2E4A4007DBA05 /* MyPageState.swift in Sources */,
				3EAE75862DE2E4A4007DBA05 /* MyPageReducer.swift in Sources */,
				3EAE75872DE2E4A4007DBA05 /* MyPageView.swift in Sources */,
				3EAE75882DE2E4A4007DBA05 /* MyPageIntent.swift in Sources */,
				3E3CF17A2DD9ACB300B5D650 /* ErrorResponse.swift in Sources */,
				3EC86A0B2DD21A5500949918 /* FilterPickerApp.swift in Sources */,
				3E3CF1762DD735C000B5D650 /* JWTDecoder.swift in Sources */,
			);
			runOnlyForDeploymentPostprocessing = 0;
		};
/* End PBXSourcesBuildPhase section */

/* Begin XCBuildConfiguration section */
		3EC869F42DD21A1000949918 /* Debug */ = {
			isa = XCBuildConfiguration;
			baseConfigurationReference = 3EC86A342DD36C5E00949918 /* Debug.xcconfig */;
			buildSettings = {
				ALWAYS_SEARCH_USER_PATHS = NO;
				ASSETCATALOG_COMPILER_GENERATE_SWIFT_ASSET_SYMBOL_EXTENSIONS = YES;
				CLANG_ANALYZER_NONNULL = YES;
				CLANG_ANALYZER_NUMBER_OBJECT_CONVERSION = YES_AGGRESSIVE;
				CLANG_CXX_LANGUAGE_STANDARD = "gnu++20";
				CLANG_ENABLE_MODULES = YES;
				CLANG_ENABLE_OBJC_ARC = YES;
				CLANG_ENABLE_OBJC_WEAK = YES;
				CLANG_WARN_BLOCK_CAPTURE_AUTORELEASING = YES;
				CLANG_WARN_BOOL_CONVERSION = YES;
				CLANG_WARN_COMMA = YES;
				CLANG_WARN_CONSTANT_CONVERSION = YES;
				CLANG_WARN_DEPRECATED_OBJC_IMPLEMENTATIONS = YES;
				CLANG_WARN_DIRECT_OBJC_ISA_USAGE = YES_ERROR;
				CLANG_WARN_DOCUMENTATION_COMMENTS = YES;
				CLANG_WARN_EMPTY_BODY = YES;
				CLANG_WARN_ENUM_CONVERSION = YES;
				CLANG_WARN_INFINITE_RECURSION = YES;
				CLANG_WARN_INT_CONVERSION = YES;
				CLANG_WARN_NON_LITERAL_NULL_CONVERSION = YES;
				CLANG_WARN_OBJC_IMPLICIT_RETAIN_SELF = YES;
				CLANG_WARN_OBJC_LITERAL_CONVERSION = YES;
				CLANG_WARN_OBJC_ROOT_CLASS = YES_ERROR;
				CLANG_WARN_QUOTED_INCLUDE_IN_FRAMEWORK_HEADER = YES;
				CLANG_WARN_RANGE_LOOP_ANALYSIS = YES;
				CLANG_WARN_STRICT_PROTOTYPES = YES;
				CLANG_WARN_SUSPICIOUS_MOVE = YES;
				CLANG_WARN_UNGUARDED_AVAILABILITY = YES_AGGRESSIVE;
				CLANG_WARN_UNREACHABLE_CODE = YES;
				CLANG_WARN__DUPLICATE_METHOD_MATCH = YES;
				COPY_PHASE_STRIP = NO;
				DEBUG_INFORMATION_FORMAT = dwarf;
				ENABLE_STRICT_OBJC_MSGSEND = YES;
				ENABLE_TESTABILITY = YES;
				ENABLE_USER_SCRIPT_SANDBOXING = YES;
				GCC_C_LANGUAGE_STANDARD = gnu17;
				GCC_DYNAMIC_NO_PIC = NO;
				GCC_NO_COMMON_BLOCKS = YES;
				GCC_OPTIMIZATION_LEVEL = 0;
				GCC_PREPROCESSOR_DEFINITIONS = (
					"DEBUG=1",
					"$(inherited)",
				);
				GCC_WARN_64_TO_32_BIT_CONVERSION = YES;
				GCC_WARN_ABOUT_RETURN_TYPE = YES_ERROR;
				GCC_WARN_UNDECLARED_SELECTOR = YES;
				GCC_WARN_UNINITIALIZED_AUTOS = YES_AGGRESSIVE;
				GCC_WARN_UNUSED_FUNCTION = YES;
				GCC_WARN_UNUSED_VARIABLE = YES;
				IPHONEOS_DEPLOYMENT_TARGET = 18.2;
				LOCALIZATION_PREFERS_STRING_CATALOGS = YES;
				MTL_ENABLE_DEBUG_INFO = INCLUDE_SOURCE;
				MTL_FAST_MATH = YES;
				ONLY_ACTIVE_ARCH = YES;
				SDKROOT = iphoneos;
				SWIFT_ACTIVE_COMPILATION_CONDITIONS = "DEBUG $(inherited)";
				SWIFT_OPTIMIZATION_LEVEL = "-Onone";
			};
			name = Debug;
		};
		3EC869F52DD21A1000949918 /* Release */ = {
			isa = XCBuildConfiguration;
			baseConfigurationReference = 3EC86A362DD36C6B00949918 /* Release.xcconfig */;
			buildSettings = {
				ALWAYS_SEARCH_USER_PATHS = NO;
				ASSETCATALOG_COMPILER_GENERATE_SWIFT_ASSET_SYMBOL_EXTENSIONS = YES;
				CLANG_ANALYZER_NONNULL = YES;
				CLANG_ANALYZER_NUMBER_OBJECT_CONVERSION = YES_AGGRESSIVE;
				CLANG_CXX_LANGUAGE_STANDARD = "gnu++20";
				CLANG_ENABLE_MODULES = YES;
				CLANG_ENABLE_OBJC_ARC = YES;
				CLANG_ENABLE_OBJC_WEAK = YES;
				CLANG_WARN_BLOCK_CAPTURE_AUTORELEASING = YES;
				CLANG_WARN_BOOL_CONVERSION = YES;
				CLANG_WARN_COMMA = YES;
				CLANG_WARN_CONSTANT_CONVERSION = YES;
				CLANG_WARN_DEPRECATED_OBJC_IMPLEMENTATIONS = YES;
				CLANG_WARN_DIRECT_OBJC_ISA_USAGE = YES_ERROR;
				CLANG_WARN_DOCUMENTATION_COMMENTS = YES;
				CLANG_WARN_EMPTY_BODY = YES;
				CLANG_WARN_ENUM_CONVERSION = YES;
				CLANG_WARN_INFINITE_RECURSION = YES;
				CLANG_WARN_INT_CONVERSION = YES;
				CLANG_WARN_NON_LITERAL_NULL_CONVERSION = YES;
				CLANG_WARN_OBJC_IMPLICIT_RETAIN_SELF = YES;
				CLANG_WARN_OBJC_LITERAL_CONVERSION = YES;
				CLANG_WARN_OBJC_ROOT_CLASS = YES_ERROR;
				CLANG_WARN_QUOTED_INCLUDE_IN_FRAMEWORK_HEADER = YES;
				CLANG_WARN_RANGE_LOOP_ANALYSIS = YES;
				CLANG_WARN_STRICT_PROTOTYPES = YES;
				CLANG_WARN_SUSPICIOUS_MOVE = YES;
				CLANG_WARN_UNGUARDED_AVAILABILITY = YES_AGGRESSIVE;
				CLANG_WARN_UNREACHABLE_CODE = YES;
				CLANG_WARN__DUPLICATE_METHOD_MATCH = YES;
				COPY_PHASE_STRIP = NO;
				DEBUG_INFORMATION_FORMAT = "dwarf-with-dsym";
				ENABLE_NS_ASSERTIONS = NO;
				ENABLE_STRICT_OBJC_MSGSEND = YES;
				ENABLE_USER_SCRIPT_SANDBOXING = YES;
				GCC_C_LANGUAGE_STANDARD = gnu17;
				GCC_NO_COMMON_BLOCKS = YES;
				GCC_WARN_64_TO_32_BIT_CONVERSION = YES;
				GCC_WARN_ABOUT_RETURN_TYPE = YES_ERROR;
				GCC_WARN_UNDECLARED_SELECTOR = YES;
				GCC_WARN_UNINITIALIZED_AUTOS = YES_AGGRESSIVE;
				GCC_WARN_UNUSED_FUNCTION = YES;
				GCC_WARN_UNUSED_VARIABLE = YES;
				IPHONEOS_DEPLOYMENT_TARGET = 18.2;
				LOCALIZATION_PREFERS_STRING_CATALOGS = YES;
				MTL_ENABLE_DEBUG_INFO = NO;
				MTL_FAST_MATH = YES;
				SDKROOT = iphoneos;
				SWIFT_COMPILATION_MODE = wholemodule;
				VALIDATE_PRODUCT = YES;
			};
			name = Release;
		};
		3EC869F72DD21A1000949918 /* Debug */ = {
			isa = XCBuildConfiguration;
			baseConfigurationReference = 3EC86A342DD36C5E00949918 /* Debug.xcconfig */;
			buildSettings = {
				ASSETCATALOG_COMPILER_APPICON_NAME = AppIcon;
				ASSETCATALOG_COMPILER_GLOBAL_ACCENT_COLOR_NAME = AccentColor;
				CODE_SIGN_ENTITLEMENTS = FilterPicker/FilterPicker.entitlements;
				CODE_SIGN_STYLE = Automatic;
				CURRENT_PROJECT_VERSION = 1;
				DEVELOPMENT_ASSET_PATHS = "\"FilterPicker/Preview Content\"";
				DEVELOPMENT_TEAM = CP9THWX4QS;
				ENABLE_PREVIEWS = YES;
				GENERATE_INFOPLIST_FILE = YES;
				INFOPLIST_FILE = FilterPicker/Info.plist;
				INFOPLIST_KEY_CFBundleDisplayName = "";
				INFOPLIST_KEY_UIApplicationSceneManifest_Generation = YES;
				INFOPLIST_KEY_UIApplicationSupportsIndirectInputEvents = YES;
				INFOPLIST_KEY_UILaunchScreen_Generation = YES;
				INFOPLIST_KEY_UISupportedInterfaceOrientations = UIInterfaceOrientationPortrait;
				INFOPLIST_KEY_UISupportedInterfaceOrientations_iPad = "UIInterfaceOrientationLandscapeLeft UIInterfaceOrientationLandscapeRight UIInterfaceOrientationPortrait UIInterfaceOrientationPortraitUpsideDown";
				IPHONEOS_DEPLOYMENT_TARGET = 14.0;
				LD_RUNPATH_SEARCH_PATHS = (
					"$(inherited)",
					"@executable_path/Frameworks",
				);
				MARKETING_VERSION = 1.0;
				PRODUCT_BUNDLE_IDENTIFIER = com.dana.FilterPickerApp;
				PRODUCT_NAME = "$(TARGET_NAME)";
				SUPPORTED_PLATFORMS = "iphoneos iphonesimulator";
				SUPPORTS_MACCATALYST = NO;
				SUPPORTS_MAC_DESIGNED_FOR_IPHONE_IPAD = NO;
				SUPPORTS_XR_DESIGNED_FOR_IPHONE_IPAD = NO;
				SWIFT_EMIT_LOC_STRINGS = YES;
				SWIFT_VERSION = 5.0;
				TARGETED_DEVICE_FAMILY = 1;
			};
			name = Debug;
		};
		3EC869F82DD21A1000949918 /* Release */ = {
			isa = XCBuildConfiguration;
			baseConfigurationReference = 3EC86A362DD36C6B00949918 /* Release.xcconfig */;
			buildSettings = {
				ASSETCATALOG_COMPILER_APPICON_NAME = AppIcon;
				ASSETCATALOG_COMPILER_GLOBAL_ACCENT_COLOR_NAME = AccentColor;
				CODE_SIGN_ENTITLEMENTS = FilterPicker/FilterPicker.entitlements;
				CODE_SIGN_STYLE = Automatic;
				CURRENT_PROJECT_VERSION = 1;
				DEVELOPMENT_ASSET_PATHS = "\"FilterPicker/Preview Content\"";
				DEVELOPMENT_TEAM = CP9THWX4QS;
				ENABLE_PREVIEWS = YES;
				GENERATE_INFOPLIST_FILE = YES;
				INFOPLIST_FILE = FilterPicker/Info.plist;
				INFOPLIST_KEY_CFBundleDisplayName = "";
				INFOPLIST_KEY_UIApplicationSceneManifest_Generation = YES;
				INFOPLIST_KEY_UIApplicationSupportsIndirectInputEvents = YES;
				INFOPLIST_KEY_UILaunchScreen_Generation = YES;
				INFOPLIST_KEY_UISupportedInterfaceOrientations = UIInterfaceOrientationPortrait;
				INFOPLIST_KEY_UISupportedInterfaceOrientations_iPad = "UIInterfaceOrientationLandscapeLeft UIInterfaceOrientationLandscapeRight UIInterfaceOrientationPortrait UIInterfaceOrientationPortraitUpsideDown";
				IPHONEOS_DEPLOYMENT_TARGET = 14.0;
				LD_RUNPATH_SEARCH_PATHS = (
					"$(inherited)",
					"@executable_path/Frameworks",
				);
				MARKETING_VERSION = 1.0;
				PRODUCT_BUNDLE_IDENTIFIER = com.dana.FilterPickerApp;
				PRODUCT_NAME = "$(TARGET_NAME)";
				SUPPORTED_PLATFORMS = "iphoneos iphonesimulator";
				SUPPORTS_MACCATALYST = NO;
				SUPPORTS_MAC_DESIGNED_FOR_IPHONE_IPAD = NO;
				SUPPORTS_XR_DESIGNED_FOR_IPHONE_IPAD = NO;
				SWIFT_EMIT_LOC_STRINGS = YES;
				SWIFT_VERSION = 5.0;
				TARGETED_DEVICE_FAMILY = 1;
			};
			name = Release;
		};
/* End XCBuildConfiguration section */

/* Begin XCConfigurationList section */
		3EC869E32DD21A0E00949918 /* Build configuration list for PBXProject "FilterPicker" */ = {
			isa = XCConfigurationList;
			buildConfigurations = (
				3EC869F42DD21A1000949918 /* Debug */,
				3EC869F52DD21A1000949918 /* Release */,
			);
			defaultConfigurationIsVisible = 0;
			defaultConfigurationName = Release;
		};
		3EC869F62DD21A1000949918 /* Build configuration list for PBXNativeTarget "FilterPicker" */ = {
			isa = XCConfigurationList;
			buildConfigurations = (
				3EC869F72DD21A1000949918 /* Debug */,
				3EC869F82DD21A1000949918 /* Release */,
			);
			defaultConfigurationIsVisible = 0;
			defaultConfigurationName = Release;
		};
/* End XCConfigurationList section */

/* Begin XCRemoteSwiftPackageReference section */
		3E3CF1802DD9D06400B5D650 /* XCRemoteSwiftPackageReference "kakao-ios-sdk" */ = {
			isa = XCRemoteSwiftPackageReference;
			repositoryURL = "https://github.com/kakao/kakao-ios-sdk";
			requirement = {
				kind = upToNextMajorVersion;
				minimumVersion = 2.24.2;
			};
		};
/* End XCRemoteSwiftPackageReference section */

/* Begin XCSwiftPackageProductDependency section */
		3E3CF1812DD9D06400B5D650 /* KakaoSDKAuth */ = {
			isa = XCSwiftPackageProductDependency;
			package = 3E3CF1802DD9D06400B5D650 /* XCRemoteSwiftPackageReference "kakao-ios-sdk" */;
			productName = KakaoSDKAuth;
		};
		3E3CF1832DD9D06400B5D650 /* KakaoSDKCommon */ = {
			isa = XCSwiftPackageProductDependency;
			package = 3E3CF1802DD9D06400B5D650 /* XCRemoteSwiftPackageReference "kakao-ios-sdk" */;
			productName = KakaoSDKCommon;
		};
		3E3CF1852DD9D06400B5D650 /* KakaoSDKUser */ = {
			isa = XCSwiftPackageProductDependency;
			package = 3E3CF1802DD9D06400B5D650 /* XCRemoteSwiftPackageReference "kakao-ios-sdk" */;
			productName = KakaoSDKUser;
		};
/* End XCSwiftPackageProductDependency section */
	};
	rootObject = 3EC869E02DD21A0E00949918 /* Project object */;
}
